hash: 03d78ff654dc6530e0be5e5596e9cbcbe55601d7b9544a29679b84fef3892141
updated: 2017-04-03T19:02:25.801851518-07:00
imports:
- name: cloud.google.com/go
  version: 3b1ae45394a234c385be014e9a488f2bb6eef821
  subpackages:
  - compute/metadata
  - internal
- name: github.com/aws/aws-sdk-go
  version: 06d3a0c37ae95ae040548a13952501261cb5fd2b
  subpackages:
  - aws
  - aws/awserr
  - aws/awsutil
  - aws/client
  - aws/client/metadata
  - aws/corehandlers
  - aws/credentials
  - aws/credentials/ec2rolecreds
  - aws/credentials/endpointcreds
  - aws/credentials/stscreds
  - aws/defaults
  - aws/ec2metadata
  - aws/endpoints
  - aws/request
  - aws/session
  - aws/signer/v4
  - blob/master/aws/ec2metadata
  - private/protocol
  - private/protocol/query
  - private/protocol/query/queryutil
  - private/protocol/rest
  - private/protocol/xml/xmlutil
  - service/sts
- name: github.com/blang/semver
  version: 31b736133b98f26d5e078ec9eb591666edfd091f
- name: github.com/cenk/backoff
  version: 8edc80b07f38c27352fb186d971c628a6c32552b
- name: github.com/coreos/go-iptables
  version: fbb73372b87f6e89951c2b6b31470c2c9d5cfae3
  subpackages:
  - iptables
- name: github.com/coreos/go-oidc
  version: 5cf2aa52da8c574d3aa4458f471ad6ae2240fe6b
  subpackages:
  - http
  - jose
  - key
  - oauth2
  - oidc
- name: github.com/coreos/go-systemd
  version: 4484981625c1a6a2ecb40a390fcb6a9bcfee76e3
  subpackages:
  - activation
  - daemon
  - dbus
  - journal
  - unit
  - util
- name: github.com/coreos/pkg
  version: fa29b1d70f0beaddd4c7021607cc3c3be8ce94b8
  subpackages:
  - capnslog
  - dlopen
  - health
  - httputil
  - timeutil
- name: github.com/davecgh/go-spew
  version: 5215b55f46b2b919f50a1df0eaa5886afe4e3b3d
  subpackages:
  - spew
- name: github.com/docker/distribution
  version: cd27f179f2c10c5d300e6d09025b538c475b0d51
  subpackages:
  - digest
  - reference
- name: github.com/emicklei/go-restful
  version: 89ef8af493ab468a45a42bb0d89a06fccdd2fb22
  subpackages:
  - log
  - swagger
- name: github.com/ghodss/yaml
  version: 73d445a93680fa1a78ae23a5839bad48f32ba1ee
- name: github.com/go-ini/ini
  version: 2e44421e256d82ebbf3d4d4fcabe8930b905eff3
- name: github.com/gogo/protobuf
  version: e18d7aa8f8c624c915db340349aad4c49b10d173
  subpackages:
  - gogoproto
  - plugin/compare
  - plugin/defaultcheck
  - plugin/description
  - plugin/embedcheck
  - plugin/enumstringer
  - plugin/equal
  - plugin/face
  - plugin/gostring
  - plugin/marshalto
  - plugin/oneofcheck
  - plugin/populate
  - plugin/size
  - plugin/stringer
  - plugin/testgen
  - plugin/union
  - plugin/unmarshal
  - proto
  - protoc-gen-gogo/descriptor
  - protoc-gen-gogo/generator
  - protoc-gen-gogo/grpc
  - protoc-gen-gogo/plugin
  - sortkeys
  - vanity
  - vanity/command
- name: github.com/golang/glog
  version: 44145f04b68cf362d9c4df2182967c2275eaefed
- name: github.com/golang/protobuf
  version: 8616e8ee5e20a1704615e6c8d7afcdac06087a67
  subpackages:
  - jsonpb
  - proto
- name: github.com/google/cadvisor
  version: a726d13de8cb32860e73d72a78dc8e0124267709
  subpackages:
  - api
  - cache/memory
  - client/v2
  - collector
  - container
  - container/common
  - container/docker
  - container/libcontainer
  - container/raw
  - container/rkt
  - container/systemd
  - devicemapper
  - events
  - fs
  - healthz
  - http
  - http/mux
  - info/v1
  - info/v1/test
  - info/v2
  - machine
  - manager
  - manager/watcher
  - manager/watcher/raw
  - manager/watcher/rkt
  - metrics
  - pages
  - pages/static
  - storage
  - summary
  - utils
  - utils/cloudinfo
  - utils/cpuload
  - utils/cpuload/netlink
  - utils/docker
  - utils/oomparser
  - utils/sysfs
  - utils/sysinfo
  - utils/tail
  - validate
  - version
- name: github.com/google/gofuzz
  version: bbcb9da2d746f8bdbd6a936686a0a6067ada0ec5
- name: github.com/gorilla/context
  version: 08b5f424b9271eedf6f9f0ce86cb9396ed337a42
- name: github.com/gorilla/mux
  version: 757bef944d0f21880861c2dd9c871ca543023cba
- name: github.com/jmespath/go-jmespath
  version: 3433f3ea46d9f8019119e7dd41274e112a2359a9
- name: github.com/jonboulle/clockwork
  version: 72f9bd7c4e0c2a40055ab3d0f09654f730cce982
- name: github.com/juju/ratelimit
  version: 77ed1c8a01217656d2080ad51981f6e99adaa177
- name: github.com/karlseguin/ccache
  version: 2f6b517f7bea4b102d00df8ddbf338f7645545b5
- name: github.com/pborman/uuid
  version: ca53cad383cad2479bbba7f7a1a05797ec1386e4
- name: github.com/Sirupsen/logrus
  version: 3ec0642a7fb6488f65b06f9040adc67e3990296a
- name: github.com/spf13/pflag
  version: dabebe21bf790f782ea4c7bbd2efc430de182afd
- name: github.com/ugorji/go
  version: f1f1a805ed361a0e078bb537e4ea78cd37dcf065
  subpackages:
  - codec
  - codec/codecgen
- name: golang.org/x/net
  version: e90d6d0afc4c315a0d87a568ae68577cc15149a0
  subpackages:
  - context
  - context/ctxhttp
  - html
  - html/atom
  - http2
  - http2/hpack
  - idna
  - internal/timeseries
  - lex/httplex
  - proxy
  - trace
  - websocket
- name: golang.org/x/oauth2
  version: 3c3a985cb79f52a3190fbc056984415ca6763d01
  subpackages:
  - google
  - internal
  - jws
  - jwt
- name: golang.org/x/sys
  version: 002cbb5f952456d0c50e0d2aff17ea5eca716979
  subpackages:
  - unix
- name: google.golang.org/appengine
  version: 4f7eeb5305a4ba1966344836ba4af9996b7b4e05
  subpackages:
  - internal
  - internal/app_identity
  - internal/base
  - internal/datastore
  - internal/log
  - internal/modules
  - internal/remote_api
  - internal/urlfetch
  - urlfetch
- name: gopkg.in/inf.v0
  version: 3887ee99ecf07df5b447e9b00d9c0b2adaa9f3e4
- name: gopkg.in/yaml.v2
  version: 53feefa2559fb8dfa8d81baad31be332c97d6c77
- name: k8s.io/client-go
  version: 6631b2769fbf8fd8ff6b2074d64774b010c7d37a
  subpackages:
  - 1.4/pkg/api
  - 1.4/pkg/api/endpoints
  - 1.4/pkg/api/errors
  - 1.4/pkg/api/meta
  - 1.4/pkg/api/meta/metatypes
  - 1.4/pkg/api/pod
  - 1.4/pkg/api/resource
  - 1.4/pkg/api/service
  - 1.4/pkg/api/unversioned
  - 1.4/pkg/api/unversioned/validation
  - 1.4/pkg/api/util
  - 1.4/pkg/api/v1
  - 1.4/pkg/api/validation
  - 1.4/pkg/apimachinery
  - 1.4/pkg/apimachinery/registered
  - 1.4/pkg/apis/autoscaling
  - 1.4/pkg/apis/batch
  - 1.4/pkg/apis/extensions
  - 1.4/pkg/auth/user
  - 1.4/pkg/capabilities
  - 1.4/pkg/conversion
  - 1.4/pkg/conversion/queryparams
  - 1.4/pkg/fields
  - 1.4/pkg/labels
  - 1.4/pkg/runtime
  - 1.4/pkg/runtime/serializer
  - 1.4/pkg/runtime/serializer/json
  - 1.4/pkg/runtime/serializer/protobuf
  - 1.4/pkg/runtime/serializer/recognizer
  - 1.4/pkg/runtime/serializer/streaming
  - 1.4/pkg/runtime/serializer/versioning
  - 1.4/pkg/security/apparmor
  - 1.4/pkg/selection
  - 1.4/pkg/third_party/forked/golang/reflect
  - 1.4/pkg/types
  - 1.4/pkg/util
  - 1.4/pkg/util/clock
  - 1.4/pkg/util/config
  - 1.4/pkg/util/crypto
  - 1.4/pkg/util/errors
  - 1.4/pkg/util/flowcontrol
  - 1.4/pkg/util/framer
  - 1.4/pkg/util/hash
  - 1.4/pkg/util/integer
  - 1.4/pkg/util/intstr
  - 1.4/pkg/util/json
  - 1.4/pkg/util/labels
  - 1.4/pkg/util/net
  - 1.4/pkg/util/net/sets
  - 1.4/pkg/util/parsers
  - 1.4/pkg/util/rand
  - 1.4/pkg/util/runtime
  - 1.4/pkg/util/sets
  - 1.4/pkg/util/uuid
  - 1.4/pkg/util/validation
  - 1.4/pkg/util/validation/field
  - 1.4/pkg/util/wait
  - 1.4/pkg/util/yaml
  - 1.4/pkg/version
  - 1.4/pkg/watch
  - 1.4/pkg/watch/versioned
  - 1.4/rest
  - 1.4/tools/clientcmd/api
  - 1.4/tools/metrics
  - 1.4/transport
- name: k8s.io/kubernetes
  version: e569a27d02001e343cb68086bc06d47804f62af6
  subpackages:
  - pkg/api
  - pkg/api/endpoints
  - pkg/api/errors
  - pkg/api/install
  - pkg/api/meta
  - pkg/api/meta/metatypes
  - pkg/api/pod
  - pkg/api/resource
  - pkg/api/service
  - pkg/api/unversioned
  - pkg/api/unversioned/validation
  - pkg/api/util
  - pkg/api/v1
  - pkg/api/validation
  - pkg/apimachinery
  - pkg/apimachinery/registered
  - pkg/apis/apps
  - pkg/apis/apps/install
  - pkg/apis/apps/v1alpha1
  - pkg/apis/authentication
  - pkg/apis/authentication/install
  - pkg/apis/authentication/v1beta1
  - pkg/apis/authorization
  - pkg/apis/authorization/install
  - pkg/apis/authorization/v1beta1
  - pkg/apis/autoscaling
  - pkg/apis/autoscaling/install
  - pkg/apis/autoscaling/v1
  - pkg/apis/batch
  - pkg/apis/batch/install
  - pkg/apis/batch/v1
  - pkg/apis/batch/v2alpha1
  - pkg/apis/certificates
  - pkg/apis/certificates/install
  - pkg/apis/certificates/v1alpha1
  - pkg/apis/componentconfig
  - pkg/apis/componentconfig/install
  - pkg/apis/componentconfig/v1alpha1
  - pkg/apis/extensions
  - pkg/apis/extensions/install
  - pkg/apis/extensions/v1beta1
  - pkg/apis/policy
  - pkg/apis/policy/install
  - pkg/apis/policy/v1alpha1
  - pkg/apis/rbac
  - pkg/apis/rbac/install
  - pkg/apis/rbac/v1alpha1
  - pkg/apis/storage
  - pkg/apis/storage/install
  - pkg/apis/storage/v1beta1
  - pkg/auth/user
  - pkg/capabilities
  - pkg/client/cache
  - pkg/client/metrics
  - pkg/client/restclient
  - pkg/client/transport
  - pkg/client/typed/discovery
  - pkg/client/unversioned
  - pkg/client/unversioned/clientcmd/api
  - pkg/controller/framework
  - pkg/conversion
  - pkg/conversion/queryparams
  - pkg/fields
  - pkg/kubelet/qos
  - pkg/kubelet/types
  - pkg/labels
  - pkg/master/ports
  - pkg/runtime
  - pkg/runtime/serializer
  - pkg/runtime/serializer/json
  - pkg/runtime/serializer/protobuf
  - pkg/runtime/serializer/recognizer
  - pkg/runtime/serializer/streaming
  - pkg/runtime/serializer/versioning
  - pkg/security/apparmor
  - pkg/selection
  - pkg/types
  - pkg/util
  - pkg/util/clock
  - pkg/util/config
  - pkg/util/crypto
  - pkg/util/errors
  - pkg/util/flowcontrol
  - pkg/util/framer
  - pkg/util/hash
  - pkg/util/integer
  - pkg/util/intstr
  - pkg/util/json
  - pkg/util/labels
  - pkg/util/net
  - pkg/util/net/sets
  - pkg/util/parsers
  - pkg/util/rand
  - pkg/util/runtime
  - pkg/util/sets
  - pkg/util/uuid
  - pkg/util/validation
  - pkg/util/validation/field
  - pkg/util/wait
  - pkg/util/yaml
  - pkg/version
  - pkg/watch
  - pkg/watch/versioned
  - plugin/pkg/client/auth
  - plugin/pkg/client/auth/gcp
  - plugin/pkg/client/auth/oidc
  - third_party/forked/golang/reflect
testImports: []
